{
  "name": "booking-events-backend",
  "version": "1.0.0",
  "lockfileVersion": 1,
  "requires": true,
  "dependencies": {
    "@codegenie/serverless-express": {
      "version": "4.16.0",
      "resolved": "https://registry.npmjs.org/@codegenie/serverless-express/-/serverless-express-4.16.0.tgz",
      "integrity": "sha512-TlvAHQysphN3OW6Ziz6AD2DnN9IIy/KkKNImZwMJpwGHHqLATi/9hMg8H8VBRg2L15pGt8ad3R6j6mfvHVWrCg=="
    },
    "@vendia/serverless-express": {
      "version": "4.12.6",
      "resolved": "https://registry.npmjs.org/@vendia/serverless-express/-/serverless-express-4.12.6.tgz",
      "integrity": "sha512-ePsIPk3VQwgm5nh/JGBtTKQs5ZOF7REjHxC+PKk/CHvhlKQkJuUU365uPOlxuLJhC+BAefDznDRReWxpnKjmYg==",
      "requires": {
        "@codegenie/serverless-express": "^4.12.5"
      }
    }
  }
}
